// !$*UTF8*$!
{
	archiveVersion = 1;
	classes = {
	};
	objectVersion = 56;
	objects = {

/* Begin PBXBuildFile section */
		3D176B012CF9AEA900A35F8C /* Day01.swift in Sources */ = {isa = PBXBuildFile; fileRef = 3D176B002CF9AEA900A35F8C /* Day01.swift */; };
		3D176B022CF9AF2400A35F8C /* Day01.txt in CopyFiles */ = {isa = PBXBuildFile; fileRef = 3D176AFF2CF9AEA900A35F8C /* Day01.txt */; };
		3D176B042CFD884000A35F8C /* Day02.swift in Sources */ = {isa = PBXBuildFile; fileRef = 3D176B032CFD884000A35F8C /* Day02.swift */; };
		3D176B062CFD888700A35F8C /* Day02.txt in CopyFiles */ = {isa = PBXBuildFile; fileRef = 3D176B052CFD888700A35F8C /* Day02.txt */; };
		3D7A623A2B357CA10057ED43 /* Day01_2023.swift in Sources */ = {isa = PBXBuildFile; fileRef = 3D7A62392B357CA10057ED43 /* Day01_2023.swift */; };
		3D7A623C2B357F230057ED43 /* Day01_2023.txt in CopyFiles */ = {isa = PBXBuildFile; fileRef = 3D7A623B2B357CC10057ED43 /* Day01_2023.txt */; };
		B7EC692B293939E8007B9EEE /* main.swift in Sources */ = {isa = PBXBuildFile; fileRef = B7EC692A293939E8007B9EEE /* main.swift */; };
		B7EC693529393B45007B9EEE /* Day01_2022.swift in Sources */ = {isa = PBXBuildFile; fileRef = B7EC693429393B45007B9EEE /* Day01_2022.swift */; };
		B7EC693929393DAF007B9EEE /* Input.swift in Sources */ = {isa = PBXBuildFile; fileRef = B7EC693829393DAF007B9EEE /* Input.swift */; };
		B7EC693C29393F61007B9EEE /* Day.swift in Sources */ = {isa = PBXBuildFile; fileRef = B7EC693B29393F61007B9EEE /* Day.swift */; };
		B7EC693E29393F97007B9EEE /* Measure.swift in Sources */ = {isa = PBXBuildFile; fileRef = B7EC693D29393F97007B9EEE /* Measure.swift */; };
		B7EC6947293943BA007B9EEE /* Day01_2022.txt in CopyFiles */ = {isa = PBXBuildFile; fileRef = B7EC694429394250007B9EEE /* Day01_2022.txt */; };
/* End PBXBuildFile section */

/* Begin PBXCopyFilesBuildPhase section */
		B7EC6925293939E8007B9EEE /* CopyFiles */ = {
			isa = PBXCopyFilesBuildPhase;
			buildActionMask = 12;
			dstPath = "";
			dstSubfolderSpec = 16;
			files = (
				3D176B022CF9AF2400A35F8C /* Day01.txt in CopyFiles */,
				3D7A623C2B357F230057ED43 /* Day01_2023.txt in CopyFiles */,
				3D176B062CFD888700A35F8C /* Day02.txt in CopyFiles */,
				B7EC6947293943BA007B9EEE /* Day01_2022.txt in CopyFiles */,
			);
			runOnlyForDeploymentPostprocessing = 0;
		};
/* End PBXCopyFilesBuildPhase section */

/* Begin PBXFileReference section */
		3D176AFF2CF9AEA900A35F8C /* Day01.txt */ = {isa = PBXFileReference; lastKnownFileType = text; path = Day01.txt; sourceTree = "<group>"; };
		3D176B002CF9AEA900A35F8C /* Day01.swift */ = {isa = PBXFileReference; lastKnownFileType = sourcecode.swift; path = Day01.swift; sourceTree = "<group>"; };
		3D176B032CFD884000A35F8C /* Day02.swift */ = {isa = PBXFileReference; lastKnownFileType = sourcecode.swift; path = Day02.swift; sourceTree = "<group>"; };
		3D176B052CFD888700A35F8C /* Day02.txt */ = {isa = PBXFileReference; lastKnownFileType = text; path = Day02.txt; sourceTree = "<group>"; };
		3D7A62392B357CA10057ED43 /* Day01_2023.swift */ = {isa = PBXFileReference; lastKnownFileType = sourcecode.swift; path = Day01_2023.swift; sourceTree = "<group>"; };
		3D7A623B2B357CC10057ED43 /* Day01_2023.txt */ = {isa = PBXFileReference; lastKnownFileType = text; path = Day01_2023.txt; sourceTree = "<group>"; };
		B7EC6927293939E8007B9EEE /* AdventSolutions */ = {isa = PBXFileReference; explicitFileType = "compiled.mach-o.executable"; includeInIndex = 0; path = AdventSolutions; sourceTree = BUILT_PRODUCTS_DIR; };
		B7EC692A293939E8007B9EEE /* main.swift */ = {isa = PBXFileReference; lastKnownFileType = sourcecode.swift; path = main.swift; sourceTree = "<group>"; };
		B7EC693429393B45007B9EEE /* Day01_2022.swift */ = {isa = PBXFileReference; lastKnownFileType = sourcecode.swift; path = Day01_2022.swift; sourceTree = "<group>"; };
		B7EC693829393DAF007B9EEE /* Input.swift */ = {isa = PBXFileReference; lastKnownFileType = sourcecode.swift; path = Input.swift; sourceTree = "<group>"; };
		B7EC693B29393F61007B9EEE /* Day.swift */ = {isa = PBXFileReference; lastKnownFileType = sourcecode.swift; path = Day.swift; sourceTree = "<group>"; };
		B7EC693D29393F97007B9EEE /* Measure.swift */ = {isa = PBXFileReference; lastKnownFileType = sourcecode.swift; path = Measure.swift; sourceTree = "<group>"; };
		B7EC694429394250007B9EEE /* Day01_2022.txt */ = {isa = PBXFileReference; fileEncoding = 4; lastKnownFileType = text; path = Day01_2022.txt; sourceTree = "<group>"; };
/* End PBXFileReference section */

/* Begin PBXFrameworksBuildPhase section */
		B7EC6924293939E8007B9EEE /* Frameworks */ = {
			isa = PBXFrameworksBuildPhase;
			buildActionMask = 2147483647;
			files = (
			);
			runOnlyForDeploymentPostprocessing = 0;
		};
/* End PBXFrameworksBuildPhase section */

/* Begin PBXGroup section */
		3D176AFE2CF9AE9E00A35F8C /* 2024 */ = {
			isa = PBXGroup;
			children = (
				3D176B052CFD888700A35F8C /* Day02.txt */,
				3D176B032CFD884000A35F8C /* Day02.swift */,
				3D176AFF2CF9AEA900A35F8C /* Day01.txt */,
				3D176B002CF9AEA900A35F8C /* Day01.swift */,
			);
			path = 2024;
			sourceTree = "<group>";
		};
		3D7A62382B357C7F0057ED43 /* 2023 */ = {
			isa = PBXGroup;
			children = (
				3D7A623B2B357CC10057ED43 /* Day01_2023.txt */,
				3D7A62392B357CA10057ED43 /* Day01_2023.swift */,
			);
			path = 2023;
			sourceTree = "<group>";
		};
		B7EC691E293939E8007B9EEE = {
			isa = PBXGroup;
			children = (
				B7EC6929293939E8007B9EEE /* AdventSolutions */,
				B7EC6928293939E8007B9EEE /* Products */,
			);
			sourceTree = "<group>";
		};
		B7EC6928293939E8007B9EEE /* Products */ = {
			isa = PBXGroup;
			children = (
				B7EC6927293939E8007B9EEE /* AdventSolutions */,
			);
			name = Products;
			sourceTree = "<group>";
		};
		B7EC6929293939E8007B9EEE /* AdventSolutions */ = {
			isa = PBXGroup;
			children = (
				3D176AFE2CF9AE9E00A35F8C /* 2024 */,
				B7EC693229393B2D007B9EEE /* 2022 */,
				3D7A62382B357C7F0057ED43 /* 2023 */,
				B7EC693F29393FBE007B9EEE /* Helpers */,
				B7EC692A293939E8007B9EEE /* main.swift */,
			);
			path = AdventSolutions;
			sourceTree = "<group>";
		};
		B7EC693229393B2D007B9EEE /* 2022 */ = {
			isa = PBXGroup;
			children = (
				B7EC694429394250007B9EEE /* Day01_2022.txt */,
				B7EC693429393B45007B9EEE /* Day01_2022.swift */,
			);
			path = 2022;
			sourceTree = "<group>";
		};
		B7EC693F29393FBE007B9EEE /* Helpers */ = {
			isa = PBXGroup;
			children = (
				B7EC693B29393F61007B9EEE /* Day.swift */,
				B7EC693829393DAF007B9EEE /* Input.swift */,
				B7EC693D29393F97007B9EEE /* Measure.swift */,
			);
			path = Helpers;
			sourceTree = "<group>";
		};
/* End PBXGroup section */

/* Begin PBXNativeTarget section */
		B7EC6926293939E8007B9EEE /* AdventSolutions */ = {
			isa = PBXNativeTarget;
			buildConfigurationList = B7EC692E293939E8007B9EEE /* Build configuration list for PBXNativeTarget "AdventSolutions" */;
			buildPhases = (
				B7EC6923293939E8007B9EEE /* Sources */,
				B7EC6924293939E8007B9EEE /* Frameworks */,
				B7EC6925293939E8007B9EEE /* CopyFiles */,
			);
			buildRules = (
			);
			dependencies = (
			);
			name = AdventSolutions;
			productName = AdventSolutions;
			productReference = B7EC6927293939E8007B9EEE /* AdventSolutions */;
			productType = "com.apple.product-type.tool";
		};
/* End PBXNativeTarget section */

/* Begin PBXProject section */
		B7EC691F293939E8007B9EEE /* Project object */ = {
			isa = PBXProject;
			attributes = {
				BuildIndependentTargetsInParallel = 1;
				LastSwiftUpdateCheck = 1410;
				LastUpgradeCheck = 1510;
				TargetAttributes = {
					B7EC6926293939E8007B9EEE = {
						CreatedOnToolsVersion = 14.1;
					};
				};
			};
			buildConfigurationList = B7EC6922293939E8007B9EEE /* Build configuration list for PBXProject "AdventSolutions" */;
			compatibilityVersion = "Xcode 14.0";
			developmentRegion = en;
			hasScannedForEncodings = 0;
			knownRegions = (
				en,
				Base,
			);
			mainGroup = B7EC691E293939E8007B9EEE;
			productRefGroup = B7EC6928293939E8007B9EEE /* Products */;
			projectDirPath = "";
			projectRoot = "";
			targets = (
				B7EC6926293939E8007B9EEE /* AdventSolutions */,
			);
		};
/* End PBXProject section */

/* Begin PBXSourcesBuildPhase section */
		B7EC6923293939E8007B9EEE /* Sources */ = {
			isa = PBXSourcesBuildPhase;
			buildActionMask = 2147483647;
			files = (
				B7EC693929393DAF007B9EEE /* Input.swift in Sources */,
				3D176B042CFD884000A35F8C /* Day02.swift in Sources */,
				B7EC693E29393F97007B9EEE /* Measure.swift in Sources */,
				3D176B012CF9AEA900A35F8C /* Day01.swift in Sources */,
				B7EC692B293939E8007B9EEE /* main.swift in Sources */,
				B7EC693C29393F61007B9EEE /* Day.swift in Sources */,
				B7EC693529393B45007B9EEE /* Day01_2022.swift in Sources */,
				3D7A623A2B357CA10057ED43 /* Day01_2023.swift in Sources */,
			);
			runOnlyForDeploymentPostprocessing = 0;
		};
/* End PBXSourcesBuildPhase section */

/* Begin XCBuildConfiguration section */
		B7EC692C293939E8007B9EEE /* Debug */ = {
			isa = XCBuildConfiguration;
			buildSettings = {
				ALWAYS_SEARCH_USER_PATHS = NO;
				ASSETCATALOG_COMPILER_GENERATE_SWIFT_ASSET_SYMBOL_EXTENSIONS = YES;
				CLANG_ANALYZER_NONNULL = YES;
				CLANG_ANALYZER_NUMBER_OBJECT_CONVERSION = YES_AGGRESSIVE;
				CLANG_CXX_LANGUAGE_STANDARD = "gnu++20";
				CLANG_ENABLE_MODULES = YES;
				CLANG_ENABLE_OBJC_ARC = YES;
				CLANG_ENABLE_OBJC_WEAK = YES;
				CLANG_WARN_BLOCK_CAPTURE_AUTORELEASING = YES;
				CLANG_WARN_BOOL_CONVERSION = YES;
				CLANG_WARN_COMMA = YES;
				CLANG_WARN_CONSTANT_CONVERSION = YES;
				CLANG_WARN_DEPRECATED_OBJC_IMPLEMENTATIONS = YES;
				CLANG_WARN_DIRECT_OBJC_ISA_USAGE = YES_ERROR;
				CLANG_WARN_DOCUMENTATION_COMMENTS = YES;
				CLANG_WARN_EMPTY_BODY = YES;
				CLANG_WARN_ENUM_CONVERSION = YES;
				CLANG_WARN_INFINITE_RECURSION = YES;
				CLANG_WARN_INT_CONVERSION = YES;
				CLANG_WARN_NON_LITERAL_NULL_CONVERSION = YES;
				CLANG_WARN_OBJC_IMPLICIT_RETAIN_SELF = YES;
				CLANG_WARN_OBJC_LITERAL_CONVERSION = YES;
				CLANG_WARN_OBJC_ROOT_CLASS = YES_ERROR;
				CLANG_WARN_QUOTED_INCLUDE_IN_FRAMEWORK_HEADER = YES;
				CLANG_WARN_RANGE_LOOP_ANALYSIS = YES;
				CLANG_WARN_STRICT_PROTOTYPES = YES;
				CLANG_WARN_SUSPICIOUS_MOVE = YES;
				CLANG_WARN_UNGUARDED_AVAILABILITY = YES_AGGRESSIVE;
				CLANG_WARN_UNREACHABLE_CODE = YES;
				CLANG_WARN__DUPLICATE_METHOD_MATCH = YES;
				COPY_PHASE_STRIP = NO;
				DEAD_CODE_STRIPPING = YES;
				DEBUG_INFORMATION_FORMAT = dwarf;
				ENABLE_STRICT_OBJC_MSGSEND = YES;
				ENABLE_TESTABILITY = YES;
				ENABLE_USER_SCRIPT_SANDBOXING = YES;
				GCC_C_LANGUAGE_STANDARD = gnu11;
				GCC_DYNAMIC_NO_PIC = NO;
				GCC_NO_COMMON_BLOCKS = YES;
				GCC_OPTIMIZATION_LEVEL = 0;
				GCC_PREPROCESSOR_DEFINITIONS = (
					"DEBUG=1",
					"$(inherited)",
				);
				GCC_WARN_64_TO_32_BIT_CONVERSION = YES;
				GCC_WARN_ABOUT_RETURN_TYPE = YES_ERROR;
				GCC_WARN_UNDECLARED_SELECTOR = YES;
				GCC_WARN_UNINITIALIZED_AUTOS = YES_AGGRESSIVE;
				GCC_WARN_UNUSED_FUNCTION = YES;
				GCC_WARN_UNUSED_VARIABLE = YES;
				MACOSX_DEPLOYMENT_TARGET = 13.0;
				MTL_ENABLE_DEBUG_INFO = INCLUDE_SOURCE;
				MTL_FAST_MATH = YES;
				ONLY_ACTIVE_ARCH = YES;
				SDKROOT = macosx;
				SWIFT_ACTIVE_COMPILATION_CONDITIONS = DEBUG;
				SWIFT_OPTIMIZATION_LEVEL = "-Onone";
			};
			name = Debug;
		};
		B7EC692D293939E8007B9EEE /* Release */ = {
			isa = XCBuildConfiguration;
			buildSettings = {
				ALWAYS_SEARCH_USER_PATHS = NO;
				ASSETCATALOG_COMPILER_GENERATE_SWIFT_ASSET_SYMBOL_EXTENSIONS = YES;
				CLANG_ANALYZER_NONNULL = YES;
				CLANG_ANALYZER_NUMBER_OBJECT_CONVERSION = YES_AGGRESSIVE;
				CLANG_CXX_LANGUAGE_STANDARD = "gnu++20";
				CLANG_ENABLE_MODULES = YES;
				CLANG_ENABLE_OBJC_ARC = YES;
				CLANG_ENABLE_OBJC_WEAK = YES;
				CLANG_WARN_BLOCK_CAPTURE_AUTORELEASING = YES;
				CLANG_WARN_BOOL_CONVERSION = YES;
				CLANG_WARN_COMMA = YES;
				CLANG_WARN_CONSTANT_CONVERSION = YES;
				CLANG_WARN_DEPRECATED_OBJC_IMPLEMENTATIONS = YES;
				CLANG_WARN_DIRECT_OBJC_ISA_USAGE = YES_ERROR;
				CLANG_WARN_DOCUMENTATION_COMMENTS = YES;
				CLANG_WARN_EMPTY_BODY = YES;
				CLANG_WARN_ENUM_CONVERSION = YES;
				CLANG_WARN_INFINITE_RECURSION = YES;
				CLANG_WARN_INT_CONVERSION = YES;
				CLANG_WARN_NON_LITERAL_NULL_CONVERSION = YES;
				CLANG_WARN_OBJC_IMPLICIT_RETAIN_SELF = YES;
				CLANG_WARN_OBJC_LITERAL_CONVERSION = YES;
				CLANG_WARN_OBJC_ROOT_CLASS = YES_ERROR;
				CLANG_WARN_QUOTED_INCLUDE_IN_FRAMEWORK_HEADER = YES;
				CLANG_WARN_RANGE_LOOP_ANALYSIS = YES;
				CLANG_WARN_STRICT_PROTOTYPES = YES;
				CLANG_WARN_SUSPICIOUS_MOVE = YES;
				CLANG_WARN_UNGUARDED_AVAILABILITY = YES_AGGRESSIVE;
				CLANG_WARN_UNREACHABLE_CODE = YES;
				CLANG_WARN__DUPLICATE_METHOD_MATCH = YES;
				COPY_PHASE_STRIP = NO;
				DEAD_CODE_STRIPPING = YES;
				DEBUG_INFORMATION_FORMAT = "dwarf-with-dsym";
				ENABLE_NS_ASSERTIONS = NO;
				ENABLE_STRICT_OBJC_MSGSEND = YES;
				ENABLE_USER_SCRIPT_SANDBOXING = YES;
				GCC_C_LANGUAGE_STANDARD = gnu11;
				GCC_NO_COMMON_BLOCKS = YES;
				GCC_WARN_64_TO_32_BIT_CONVERSION = YES;
				GCC_WARN_ABOUT_RETURN_TYPE = YES_ERROR;
				GCC_WARN_UNDECLARED_SELECTOR = YES;
				GCC_WARN_UNINITIALIZED_AUTOS = YES_AGGRESSIVE;
				GCC_WARN_UNUSED_FUNCTION = YES;
				GCC_WARN_UNUSED_VARIABLE = YES;
				MACOSX_DEPLOYMENT_TARGET = 13.0;
				MTL_ENABLE_DEBUG_INFO = NO;
				MTL_FAST_MATH = YES;
				SDKROOT = macosx;
				SWIFT_COMPILATION_MODE = wholemodule;
				SWIFT_OPTIMIZATION_LEVEL = "-O";
			};
			name = Release;
		};
		B7EC692F293939E8007B9EEE /* Debug */ = {
			isa = XCBuildConfiguration;
			buildSettings = {
				CODE_SIGN_STYLE = Automatic;
				DEAD_CODE_STRIPPING = YES;
				DEVELOPMENT_TEAM = 66R6F272RW;
				ENABLE_HARDENED_RUNTIME = YES;
				PRODUCT_NAME = "$(TARGET_NAME)";
				SWIFT_VERSION = 5.0;
			};
			name = Debug;
		};
		B7EC6930293939E8007B9EEE /* Release */ = {
			isa = XCBuildConfiguration;
			buildSettings = {
				CODE_SIGN_STYLE = Automatic;
				DEAD_CODE_STRIPPING = YES;
				DEVELOPMENT_TEAM = 66R6F272RW;
				ENABLE_HARDENED_RUNTIME = YES;
				PRODUCT_NAME = "$(TARGET_NAME)";
				SWIFT_VERSION = 5.0;
			};
			name = Release;
		};
/* End XCBuildConfiguration section */

/* Begin XCConfigurationList section */
		B7EC6922293939E8007B9EEE /* Build configuration list for PBXProject "AdventSolutions" */ = {
			isa = XCConfigurationList;
			buildConfigurations = (
				B7EC692C293939E8007B9EEE /* Debug */,
				B7EC692D293939E8007B9EEE /* Release */,
			);
			defaultConfigurationIsVisible = 0;
			defaultConfigurationName = Release;
		};
		B7EC692E293939E8007B9EEE /* Build configuration list for PBXNativeTarget "AdventSolutions" */ = {
			isa = XCConfigurationList;
			buildConfigurations = (
				B7EC692F293939E8007B9EEE /* Debug */,
				B7EC6930293939E8007B9EEE /* Release */,
			);
			defaultConfigurationIsVisible = 0;
			defaultConfigurationName = Release;
		};
/* End XCConfigurationList section */
	};
	rootObject = B7EC691F293939E8007B9EEE /* Project object */;
}
